# THIS IS AN AUTOGENERATED FILE. DO NOT EDIT THIS FILE DIRECTLY.
# yarn lockfile v1


"@playwright/test@^1.53.2":
  version "1.53.2"
  resolved "https://registry.yarnpkg.com/@playwright/test/-/test-1.53.2.tgz#fafb8dd5e109fc238c4580f82bebc2618f929f77"
  integrity sha512-tEB2U5z74ebBeyfGNZ3Jfg29AnW+5HlWhvHtb/Mqco9pFdZU1ZLNdVb2UtB5CvmiilNr2ZfVH/qMmAROG/XTzw==
  dependencies:
    playwright "1.53.2"

"@types/node@^24.0.7":
  version "24.0.7"
  resolved "https://registry.yarnpkg.com/@types/node/-/node-24.0.7.tgz#ee580f7850c7eabaeef61ef96b8d8c04fdf94f53"
  integrity sha512-YIEUUr4yf8q8oQoXPpSlnvKNVKDQlPMWrmOcgzoduo7kvA2UF0/BwJ/eMKFTiTtkNL17I0M6Xe2tvwFU7be6iw==
  dependencies:
    undici-types "~7.8.0"

dotenv@^17.0.0:
  version "17.0.0"
  resolved "https://registry.yarnpkg.com/dotenv/-/dotenv-17.0.0.tgz#0b0336dc1a4237bcfa772e01d5587e98ebb7e3c2"
  integrity sha512-A0BJ5lrpJVSfnMMXjmeO0xUnoxqsBHWCoqqTnGwGYVdnctqXXUEhJOO7LxmgxJon9tEZFGpe0xPRX0h2v3AANQ==

fsevents@2.3.2:
  version "2.3.2"
  resolved "https://registry.yarnpkg.com/fsevents/-/fsevents-2.3.2.tgz#8a526f78b8fdf4623b709e0b975c52c24c02fd1a"
  integrity sha512-xiqMQR4xAeHTuB9uWm+fFRcIOgKBMiOBP+eXiyT7jsgVCq1bkVygt00oASowB7EdtpOHaaPgKt812P9ab+DDKA==

playwright-core@1.53.2:
  version "1.53.2"
  resolved "https://registry.yarnpkg.com/playwright-core/-/playwright-core-1.53.2.tgz#78f71e2f727713daa8d360dc11c460022c13cf91"
  integrity sha512-ox/OytMy+2w1jcYEYlOo1Hhp8hZkLCximMTUTMBXjGUA1KoFfiSZ+DU+3a739jsPY0yoKH2TFy9S2fsJas8yAw==

playwright@1.53.2, playwright@^1.53.2:
  version "1.53.2"
  resolved "https://registry.yarnpkg.com/playwright/-/playwright-1.53.2.tgz#cc2ef4a22da1ae562e0ed91edb9e22a7c4371305"
  integrity sha512-6K/qQxVFuVQhRQhFsVZ9fGeatxirtrpPgxzBYWyZLEXJzqYwuL4fuNmfOfD5et1tJE4GScKyPNeLhZeRwuTU3A==
  dependencies:
    playwright-core "1.53.2"
  optionalDependencies:
    fsevents "2.3.2"

undici-types@~7.8.0:
  version "7.8.0"
  resolved "https://registry.yarnpkg.com/undici-types/-/undici-types-7.8.0.tgz#de00b85b710c54122e44fbfd911f8d70174cd294"
  integrity sha512-9UJ2xGDvQ43tYyVMpuHlsgApydB8ZKfVYTsLDhXkFL/6gfkp+U8xTGdh8pMJv1SpZna0zxG1DwsKZsreLbXBxw==
