# THIS IS AN AUTOGENERATED FILE. DO NOT EDIT THIS FILE DIRECTLY.
# yarn lockfile v1


"@playwright/test@^1.55.0":
  version "1.55.0"
  resolved "https://registry.yarnpkg.com/@playwright/test/-/test-1.55.0.tgz#080fa6d9ee6d749ff523b1c18259572d0268b963"
  integrity sha512-04IXzPwHrW69XusN/SIdDdKZBzMfOT9UNT/YiJit/xpy2VuAoB8NHc8Aplb96zsWDddLnbkPL3TsmrS04ZU2xQ==
  dependencies:
    playwright "1.55.0"

"@types/node@^24.3.1":
  version "24.3.1"
  resolved "https://registry.yarnpkg.com/@types/node/-/node-24.3.1.tgz#b0a3fb2afed0ef98e8d7f06d46ef6349047709f3"
  integrity sha512-3vXmQDXy+woz+gnrTvuvNrPzekOi+Ds0ReMxw0LzBiK3a+1k0kQn9f2NWk+lgD4rJehFUmYy2gMhJ2ZI+7YP9g==
  dependencies:
    undici-types "~7.10.0"

dotenv@^17.2.2:
  version "17.2.2"
  resolved "https://registry.yarnpkg.com/dotenv/-/dotenv-17.2.2.tgz#4010cfe1c2be4fc0f46fd3d951afb424bc067ac6"
  integrity sha512-Sf2LSQP+bOlhKWWyhFsn0UsfdK/kCWRv1iuA2gXAwt3dyNabr6QSj00I2V10pidqz69soatm9ZwZvpQMTIOd5Q==

fsevents@2.3.2:
  version "2.3.2"
  resolved "https://registry.yarnpkg.com/fsevents/-/fsevents-2.3.2.tgz#8a526f78b8fdf4623b709e0b975c52c24c02fd1a"
  integrity sha512-xiqMQR4xAeHTuB9uWm+fFRcIOgKBMiOBP+eXiyT7jsgVCq1bkVygt00oASowB7EdtpOHaaPgKt812P9ab+DDKA==

playwright-core@1.55.0:
  version "1.55.0"
  resolved "https://registry.yarnpkg.com/playwright-core/-/playwright-core-1.55.0.tgz#ec8a9f8ef118afb3e86e0f46f1393e3bea32adf4"
  integrity sha512-GvZs4vU3U5ro2nZpeiwyb0zuFaqb9sUiAJuyrWpcGouD8y9/HLgGbNRjIph7zU9D3hnPaisMl9zG9CgFi/biIg==

playwright@1.55.0, playwright@^1.54.2:
  version "1.55.0"
  resolved "https://registry.yarnpkg.com/playwright/-/playwright-1.55.0.tgz#7aca7ac3ffd9e083a8ad8b2514d6f9ba401cc78b"
  integrity sha512-sdCWStblvV1YU909Xqx0DhOjPZE4/5lJsIS84IfN9dAZfcl/CIZ5O8l3o0j7hPMjDvqoTF8ZUcc+i/GL5erstA==
  dependencies:
    playwright-core "1.55.0"
  optionalDependencies:
    fsevents "2.3.2"

undici-types@~7.10.0:
  version "7.10.0"
  resolved "https://registry.yarnpkg.com/undici-types/-/undici-types-7.10.0.tgz#4ac2e058ce56b462b056e629cc6a02393d3ff350"
  integrity sha512-t5Fy/nfn+14LuOc2KNYg75vZqClpAiqscVvMygNnlsHBFpSXdJaYtXMcdNLpl/Qvc3P2cB3s6lOV51nqsFq4ag==
